
Microsoft Visual Studio Solution File, Format Version 12.00
# Visual Studio Version 16
VisualStudioVersion = 16.0.31402.337
MinimumVisualStudioVersion = 10.0.40219.1
Project("{9A19103F-16F7-4668-BE54-9A1E7A4F7556}") = "MyCompany", "MyCompany.csproj", "{B6D7486D-A3E6-42B0-A868-5D63C016F12E}"
EndProject
Global
	GlobalSection(SolutionConfigurationPlatforms) = preSolution
		Debug|Any CPU = Debug|Any CPU
		Release|Any CPU = Release|Any CPU
	EndGlobalSection
	GlobalSection(ProjectConfigurationPlatforms) = postSolution
		{B6D7486D-A3E6-42B0-A868-5D63C016F12E}.Debug|Any CPU.ActiveCfg = Debug|Any CPU
		{B6D7486D-A3E6-42B0-A868-5D63C016F12E}.Debug|Any CPU.Build.0 = Debug|Any CPU
		{B6D7486D-A3E6-42B0-A868-5D63C016F12E}.Release|Any CPU.ActiveCfg = Release|Any CPU
		{B6D7486D-A3E6-42B0-A868-5D63C016F12E}.Release|Any CPU.Build.0 = Release|Any CPU
	EndGlobalSection
	GlobalSection(SolutionProperties) = preSolution
		HideSolutionNode = FALSE
	EndGlobalSection
	GlobalSection(ExtensibilityGlobals) = postSolution
		SolutionGuid = {A62959E0-76FE-4BE6-A38E-EB4A7A0587F6}
	EndGlobalSection
EndGlobal
